
Microsoft Visual Studio Solution File, Format Version 12.00
# Visual Studio 15
VisualStudioVersion = 15.0.28010.2026
MinimumVisualStudioVersion = 10.0.40219.1
Project("{FAE04EC0-301F-11D3-BF4B-00C04F79EFBC}") = "DxExchangeUsage", "DxExchangeUsage\DxExchangeUsage.csproj", "{9FC5B2D4-952A-4DD4-AA1C-0DE07C1B2225}"
EndProject
Global
	GlobalSection(SolutionConfigurationPlatforms) = preSolution
		Debug|Any CPU = Debug|Any CPU
		Release|Any CPU = Release|Any CPU
	EndGlobalSection
	GlobalSection(ProjectConfigurationPlatforms) = postSolution
		{9FC5B2D4-952A-4DD4-AA1C-0DE07C1B2225}.Debug|Any CPU.ActiveCfg = Debug|Any CPU
		{9FC5B2D4-952A-4DD4-AA1C-0DE07C1B2225}.Debug|Any CPU.Build.0 = Debug|Any CPU
		{9FC5B2D4-952A-4DD4-AA1C-0DE07C1B2225}.Release|Any CPU.ActiveCfg = Release|Any CPU
		{9FC5B2D4-952A-4DD4-AA1C-0DE07C1B2225}.Release|Any CPU.Build.0 = Release|Any CPU
	EndGlobalSection
	GlobalSection(SolutionProperties) = preSolution
		HideSolutionNode = FALSE
	EndGlobalSection
	GlobalSection(ExtensibilityGlobals) = postSolution
		SolutionGuid = {46DC436E-5535-4FB0-94C3-9ECD8279176C}
	EndGlobalSection
EndGlobal
